
Microsoft Visual Studio Solution File, Format Version 12.00
# Visual Studio Version 16
VisualStudioVersion = 16.0.808.4
MinimumVisualStudioVersion = 10.0.40219.1
Project("{FAE04EC0-301F-11D3-BF4B-00C04F79EFBC}") = "PureCsharpRestApi", "PureCsharpRestApi\PureCsharpRestApi.csproj", "{B67325D8-F8FF-43E3-B99E-FDDA58DC28F8}"
EndProject
Global
	GlobalSection(SolutionConfigurationPlatforms) = preSolution
		Debug|Any CPU = Debug|Any CPU
		Release|Any CPU = Release|Any CPU
	EndGlobalSection
	GlobalSection(ProjectConfigurationPlatforms) = postSolution
		{B67325D8-F8FF-43E3-B99E-FDDA58DC28F8}.Debug|Any CPU.ActiveCfg = Debug|Any CPU
		{B67325D8-F8FF-43E3-B99E-FDDA58DC28F8}.Debug|Any CPU.Build.0 = Debug|Any CPU
		{B67325D8-F8FF-43E3-B99E-FDDA58DC28F8}.Release|Any CPU.ActiveCfg = Release|Any CPU
		{B67325D8-F8FF-43E3-B99E-FDDA58DC28F8}.Release|Any CPU.Build.0 = Release|Any CPU
	EndGlobalSection
	GlobalSection(SolutionProperties) = preSolution
		HideSolutionNode = FALSE
	EndGlobalSection
	GlobalSection(ExtensibilityGlobals) = postSolution
		SolutionGuid = {7B25130D-17E6-4C04-B984-E676497B01EE}
	EndGlobalSection
EndGlobal
